
Microsoft Visual Studio Solution File, Format Version 12.00
# Visual Studio 2013
VisualStudioVersion = 12.0.21005.1
MinimumVisualStudioVersion = 10.0.40219.1
Project("{FAE04EC0-301F-11D3-BF4B-00C04F79EFBC}") = "TaskManager", "TaskManager\TaskManager.csproj", "{C26E7675-44A4-4FFF-AA44-7A34825B37AE}"
EndProject
Global
	GlobalSection(SolutionConfigurationPlatforms) = preSolution
		Debug|Any CPU = Debug|Any CPU
		Release|Any CPU = Release|Any CPU
	EndGlobalSection
	GlobalSection(ProjectConfigurationPlatforms) = postSolution
		{C26E7675-44A4-4FFF-AA44-7A34825B37AE}.Debug|Any CPU.ActiveCfg = Debug|Any CPU
		{C26E7675-44A4-4FFF-AA44-7A34825B37AE}.Debug|Any CPU.Build.0 = Debug|Any CPU
		{C26E7675-44A4-4FFF-AA44-7A34825B37AE}.Release|Any CPU.ActiveCfg = Release|Any CPU
		{C26E7675-44A4-4FFF-AA44-7A34825B37AE}.Release|Any CPU.Build.0 = Release|Any CPU
	EndGlobalSection
	GlobalSection(SolutionProperties) = preSolution
		HideSolutionNode = FALSE
	EndGlobalSection
EndGlobal
